
Microsoft Visual Studio Solution File, Format Version 12.00
# Visual Studio Version 16
VisualStudioVersion = 16.0.30413.136
MinimumVisualStudioVersion = 10.0.40219.1
Project("{9A19103F-16F7-4668-BE54-9A1E7A4F7556}") = "GrpcServer", "GrpcServer\GrpcServer.csproj", "{AA142E71-D894-4CC2-9D00-A410A360A2D2}"
	ProjectSection(ProjectDependencies) = postProject
		{2E7BC682-1634-4540-9234-3410BDDEF0B9} = {2E7BC682-1634-4540-9234-3410BDDEF0B9}
	EndProjectSection
EndProject
Project("{9A19103F-16F7-4668-BE54-9A1E7A4F7556}") = "GrpcClient", "GrpcClient\GrpcClient.csproj", "{7312B6F0-FD1A-4DE1-9747-10C4995D3457}"
	ProjectSection(ProjectDependencies) = postProject
		{2E7BC682-1634-4540-9234-3410BDDEF0B9} = {2E7BC682-1634-4540-9234-3410BDDEF0B9}
	EndProjectSection
EndProject
Project("{2150E333-8FDC-42A3-9474-1A3956D46DE8}") = "Solution Items", "Solution Items", "{2337F836-2AEF-48AD-8F9E-E150AB881ECD}"
	ProjectSection(SolutionItems) = preProject
		tools\doxygen\beckman-footer.html = tools\doxygen\beckman-footer.html
		Hawkeye_gRpc.doxygen = Hawkeye_gRpc.doxygen
		src\main\assembly\installer-assembly.xml = src\main\assembly\installer-assembly.xml
		pom.xml = pom.xml
	EndProjectSection
EndProject
Project("{9A19103F-16F7-4668-BE54-9A1E7A4F7556}") = "Protos", "Protos\Protos.csproj", "{2E7BC682-1634-4540-9234-3410BDDEF0B9}"
EndProject
Global
	GlobalSection(SolutionConfigurationPlatforms) = preSolution
		Debug|Any CPU = Debug|Any CPU
		Release|Any CPU = Release|Any CPU
	EndGlobalSection
	GlobalSection(ProjectConfigurationPlatforms) = postSolution
		{AA142E71-D894-4CC2-9D00-A410A360A2D2}.Debug|Any CPU.ActiveCfg = Debug|Any CPU
		{AA142E71-D894-4CC2-9D00-A410A360A2D2}.Debug|Any CPU.Build.0 = Debug|Any CPU
		{AA142E71-D894-4CC2-9D00-A410A360A2D2}.Release|Any CPU.ActiveCfg = Release|Any CPU
		{AA142E71-D894-4CC2-9D00-A410A360A2D2}.Release|Any CPU.Build.0 = Release|Any CPU
		{7312B6F0-FD1A-4DE1-9747-10C4995D3457}.Debug|Any CPU.ActiveCfg = Debug|Any CPU
		{7312B6F0-FD1A-4DE1-9747-10C4995D3457}.Debug|Any CPU.Build.0 = Debug|Any CPU
		{7312B6F0-FD1A-4DE1-9747-10C4995D3457}.Release|Any CPU.ActiveCfg = Release|Any CPU
		{7312B6F0-FD1A-4DE1-9747-10C4995D3457}.Release|Any CPU.Build.0 = Release|Any CPU
		{2E7BC682-1634-4540-9234-3410BDDEF0B9}.Debug|Any CPU.ActiveCfg = Debug|Any CPU
		{2E7BC682-1634-4540-9234-3410BDDEF0B9}.Debug|Any CPU.Build.0 = Debug|Any CPU
		{2E7BC682-1634-4540-9234-3410BDDEF0B9}.Release|Any CPU.ActiveCfg = Release|Any CPU
		{2E7BC682-1634-4540-9234-3410BDDEF0B9}.Release|Any CPU.Build.0 = Release|Any CPU
	EndGlobalSection
	GlobalSection(SolutionProperties) = preSolution
		HideSolutionNode = FALSE
	EndGlobalSection
	GlobalSection(ExtensibilityGlobals) = postSolution
		SolutionGuid = {64E3331B-C852-400D-8D5A-4615D1A21366}
	EndGlobalSection
EndGlobal
